// !$*UTF8*$!
{
	archiveVersion = 1;
	classes = {
	};
	objectVersion = 46;
	objects = {

/* Begin PBXFileReference section */
		9AAB0A851D1E29340064333E /* Makefile.am */ = {isa = PBXFileReference; fileEncoding = 4; lastKnownFileType = text; path = Makefile.am; sourceTree = "<group>"; };
		9AAB0A861D1E29340064333E /* LICENSE */ = {isa = PBXFileReference; fileEncoding = 4; lastKnownFileType = text; path = LICENSE; sourceTree = "<group>"; };
		9AAB0A871D1E29340064333E /* bootstrap */ = {isa = PBXFileReference; fileEncoding = 4; lastKnownFileType = text.script.sh; path = bootstrap; sourceTree = "<group>"; };
		9AAB0A881D1E29340064333E /* configure.ac */ = {isa = PBXFileReference; fileEncoding = 4; lastKnownFileType = text; path = configure.ac; sourceTree = "<group>"; };
		9AAB0A891D1E29340064333E /* Makefile.am */ = {isa = PBXFileReference; fileEncoding = 4; lastKnownFileType = text; name = Makefile.am; path = src/Makefile.am; sourceTree = "<group>"; };
		9AAB0A8A1D1E29340064333E /* fw2mactime.cpp */ = {isa = PBXFileReference; fileEncoding = 4; lastKnownFileType = sourcecode.cpp.cpp; name = fw2mactime.cpp; path = src/fw2mactime.cpp; sourceTree = "<group>"; };
		9AAB0A8B1D1E29340064333E /* README.md */ = {isa = PBXFileReference; fileEncoding = 4; lastKnownFileType = net.daringfireball.markdown; path = README.md; sourceTree = "<group>"; };
/* End PBXFileReference section */

/* Begin PBXGroup section */
		9A2F6EFC1D1E290500F4D752 = {
			isa = PBXGroup;
			children = (
				9AAB0A871D1E29340064333E /* bootstrap */,
				9AAB0A881D1E29340064333E /* configure.ac */,
				9AAB0A861D1E29340064333E /* LICENSE */,
				9AAB0A851D1E29340064333E /* Makefile.am */,
				9AAB0A8B1D1E29340064333E /* README.md */,
				9AAB0A8C1D1E293B0064333E /* src */,
			);
			sourceTree = "<group>";
		};
		9AAB0A8C1D1E293B0064333E /* src */ = {
			isa = PBXGroup;
			children = (
				9AAB0A891D1E29340064333E /* Makefile.am */,
				9AAB0A8A1D1E29340064333E /* fw2mactime.cpp */,
			);
			name = src;
			sourceTree = "<group>";
		};
/* End PBXGroup section */

/* Begin PBXLegacyTarget section */
		9A2F6F011D1E290500F4D752 /* fw2mactime */ = {
			isa = PBXLegacyTarget;
			buildArgumentsString = "$(ACTION)";
			buildConfigurationList = 9A2F6F041D1E290500F4D752 /* Build configuration list for PBXLegacyTarget "fw2mactime" */;
			buildPhases = (
			);
			buildToolPath = /usr/bin/make;
			dependencies = (
			);
			name = fw2mactime;
			passBuildSettingsInEnvironment = 1;
			productName = fw2mactime;
		};
		9A34790A1D295767004CA80C /* README.html */ = {
			isa = PBXLegacyTarget;
			buildArgumentsString = "-o README.html README.md";
			buildConfigurationList = 9A34790D1D295767004CA80C /* Build configuration list for PBXLegacyTarget "README.html" */;
			buildPhases = (
			);
			buildToolPath = /opt/local/bin/multimarkdown;
			buildWorkingDirectory = "";
			dependencies = (
			);
			name = README.html;
			passBuildSettingsInEnvironment = 1;
			productName = README.html;
		};
/* End PBXLegacyTarget section */

/* Begin PBXProject section */
		9A2F6EFD1D1E290500F4D752 /* Project object */ = {
			isa = PBXProject;
			attributes = {
				LastUpgradeCheck = 0720;
				ORGANIZATIONNAME = "Matt Kucenski";
				TargetAttributes = {
					9A2F6F011D1E290500F4D752 = {
						CreatedOnToolsVersion = 7.2;
					};
					9A34790A1D295767004CA80C = {
						CreatedOnToolsVersion = 7.2;
					};
				};
			};
			buildConfigurationList = 9A2F6F001D1E290500F4D752 /* Build configuration list for PBXProject "fw2mactime" */;
			compatibilityVersion = "Xcode 3.2";
			developmentRegion = English;
			hasScannedForEncodings = 0;
			knownRegions = (
				en,
			);
			mainGroup = 9A2F6EFC1D1E290500F4D752;
			projectDirPath = "";
			projectRoot = "";
			targets = (
				9A2F6F011D1E290500F4D752 /* fw2mactime */,
				9A34790A1D295767004CA80C /* README.html */,
			);
		};
/* End PBXProject section */

/* Begin XCBuildConfiguration section */
		9A2F6F021D1E290500F4D752 /* Debug */ = {
			isa = XCBuildConfiguration;
			buildSettings = {
				ALWAYS_SEARCH_USER_PATHS = NO;
				CLANG_CXX_LANGUAGE_STANDARD = "gnu++0x";
				CLANG_CXX_LIBRARY = "libc++";
				CLANG_ENABLE_MODULES = YES;
				CLANG_ENABLE_OBJC_ARC = YES;
				CLANG_WARN_BOOL_CONVERSION = YES;
				CLANG_WARN_CONSTANT_CONVERSION = YES;
				CLANG_WARN_DIRECT_OBJC_ISA_USAGE = YES_ERROR;
				CLANG_WARN_EMPTY_BODY = YES;
				CLANG_WARN_ENUM_CONVERSION = YES;
				CLANG_WARN_INT_CONVERSION = YES;
				CLANG_WARN_OBJC_ROOT_CLASS = YES_ERROR;
				CLANG_WARN_UNREACHABLE_CODE = YES;
				CLANG_WARN__DUPLICATE_METHOD_MATCH = YES;
				COPY_PHASE_STRIP = NO;
				DEBUG_INFORMATION_FORMAT = dwarf;
				ENABLE_STRICT_OBJC_MSGSEND = YES;
				ENABLE_TESTABILITY = YES;
				GCC_C_LANGUAGE_STANDARD = gnu99;
				GCC_DYNAMIC_NO_PIC = NO;
				GCC_NO_COMMON_BLOCKS = YES;
				GCC_OPTIMIZATION_LEVEL = 0;
				GCC_PREPROCESSOR_DEFINITIONS = (
					"DEBUG=1",
					"$(inherited)",
				);
				GCC_WARN_64_TO_32_BIT_CONVERSION = YES;
				GCC_WARN_ABOUT_RETURN_TYPE = YES_ERROR;
				GCC_WARN_UNDECLARED_SELECTOR = YES;
				GCC_WARN_UNINITIALIZED_AUTOS = YES_AGGRESSIVE;
				GCC_WARN_UNUSED_FUNCTION = YES;
				GCC_WARN_UNUSED_VARIABLE = YES;
				MTL_ENABLE_DEBUG_INFO = YES;
				ONLY_ACTIVE_ARCH = YES;
			};
			name = Debug;
		};
		9A2F6F031D1E290500F4D752 /* Release */ = {
			isa = XCBuildConfiguration;
			buildSettings = {
				ALWAYS_SEARCH_USER_PATHS = NO;
				CLANG_CXX_LANGUAGE_STANDARD = "gnu++0x";
				CLANG_CXX_LIBRARY = "libc++";
				CLANG_ENABLE_MODULES = YES;
				CLANG_ENABLE_OBJC_ARC = YES;
				CLANG_WARN_BOOL_CONVERSION = YES;
				CLANG_WARN_CONSTANT_CONVERSION = YES;
				CLANG_WARN_DIRECT_OBJC_ISA_USAGE = YES_ERROR;
				CLANG_WARN_EMPTY_BODY = YES;
				CLANG_WARN_ENUM_CONVERSION = YES;
				CLANG_WARN_INT_CONVERSION = YES;
				CLANG_WARN_OBJC_ROOT_CLASS = YES_ERROR;
				CLANG_WARN_UNREACHABLE_CODE = YES;
				CLANG_WARN__DUPLICATE_METHOD_MATCH = YES;
				COPY_PHASE_STRIP = NO;
				DEBUG_INFORMATION_FORMAT = "dwarf-with-dsym";
				ENABLE_NS_ASSERTIONS = NO;
				ENABLE_STRICT_OBJC_MSGSEND = YES;
				GCC_C_LANGUAGE_STANDARD = gnu99;
				GCC_NO_COMMON_BLOCKS = YES;
				GCC_WARN_64_TO_32_BIT_CONVERSION = YES;
				GCC_WARN_ABOUT_RETURN_TYPE = YES_ERROR;
				GCC_WARN_UNDECLARED_SELECTOR = YES;
				GCC_WARN_UNINITIALIZED_AUTOS = YES_AGGRESSIVE;
				GCC_WARN_UNUSED_FUNCTION = YES;
				GCC_WARN_UNUSED_VARIABLE = YES;
				MTL_ENABLE_DEBUG_INFO = NO;
			};
			name = Release;
		};
		9A2F6F051D1E290500F4D752 /* Debug */ = {
			isa = XCBuildConfiguration;
			buildSettings = {
				DEBUGGING_SYMBOLS = YES;
				DEBUG_INFORMATION_FORMAT = dwarf;
				GCC_GENERATE_DEBUGGING_SYMBOLS = YES;
				GCC_OPTIMIZATION_LEVEL = 0;
				OTHER_CFLAGS = "";
				OTHER_LDFLAGS = "";
				PRODUCT_NAME = "$(TARGET_NAME)";
			};
			name = Debug;
		};
		9A2F6F061D1E290500F4D752 /* Release */ = {
			isa = XCBuildConfiguration;
			buildSettings = {
				DEBUG_INFORMATION_FORMAT = "dwarf-with-dsym";
				OTHER_CFLAGS = "";
				OTHER_LDFLAGS = "";
				PRODUCT_NAME = "$(TARGET_NAME)";
			};
			name = Release;
		};
		9A34790B1D295767004CA80C /* Debug */ = {
			isa = XCBuildConfiguration;
			buildSettings = {
				DEBUGGING_SYMBOLS = YES;
				DEBUG_INFORMATION_FORMAT = dwarf;
				GCC_GENERATE_DEBUGGING_SYMBOLS = YES;
				GCC_OPTIMIZATION_LEVEL = 0;
				OTHER_CFLAGS = "";
				OTHER_LDFLAGS = "";
				PRODUCT_NAME = "$(TARGET_NAME)";
			};
			name = Debug;
		};
		9A34790C1D295767004CA80C /* Release */ = {
			isa = XCBuildConfiguration;
			buildSettings = {
				DEBUG_INFORMATION_FORMAT = "dwarf-with-dsym";
				OTHER_CFLAGS = "";
				OTHER_LDFLAGS = "";
				PRODUCT_NAME = "$(TARGET_NAME)";
			};
			name = Release;
		};
/* End XCBuildConfiguration section */

/* Begin XCConfigurationList section */
		9A2F6F001D1E290500F4D752 /* Build configuration list for PBXProject "fw2mactime" */ = {
			isa = XCConfigurationList;
			buildConfigurations = (
				9A2F6F021D1E290500F4D752 /* Debug */,
				9A2F6F031D1E290500F4D752 /* Release */,
			);
			defaultConfigurationIsVisible = 0;
			defaultConfigurationName = Release;
		};
		9A2F6F041D1E290500F4D752 /* Build configuration list for PBXLegacyTarget "fw2mactime" */ = {
			isa = XCConfigurationList;
			buildConfigurations = (
				9A2F6F051D1E290500F4D752 /* Debug */,
				9A2F6F061D1E290500F4D752 /* Release */,
			);
			defaultConfigurationIsVisible = 0;
			defaultConfigurationName = Release;
		};
		9A34790D1D295767004CA80C /* Build configuration list for PBXLegacyTarget "README.html" */ = {
			isa = XCConfigurationList;
			buildConfigurations = (
				9A34790B1D295767004CA80C /* Debug */,
				9A34790C1D295767004CA80C /* Release */,
			);
			defaultConfigurationIsVisible = 0;
		};
/* End XCConfigurationList section */
	};
	rootObject = 9A2F6EFD1D1E290500F4D752 /* Project object */;
}
